
Microsoft Visual Studio Solution File, Format Version 12.00
# Visual Studio Version 17
VisualStudioVersion = 17.1.32414.318
MinimumVisualStudioVersion = 10.0.40219.1
Project("{FAE04EC0-301F-11D3-BF4B-00C04F79EFBC}") = "AutoresAPI", "AutoresAPI.csproj", "{CBE1666D-ECE8-4ADE-8D21-0C564247E053}"
EndProject
Global
	GlobalSection(SolutionConfigurationPlatforms) = preSolution
		Debug|Any CPU = Debug|Any CPU
		Release|Any CPU = Release|Any CPU
	EndGlobalSection
	GlobalSection(ProjectConfigurationPlatforms) = postSolution
		{CBE1666D-ECE8-4ADE-8D21-0C564247E053}.Debug|Any CPU.ActiveCfg = Debug|Any CPU
		{CBE1666D-ECE8-4ADE-8D21-0C564247E053}.Debug|Any CPU.Build.0 = Debug|Any CPU
		{CBE1666D-ECE8-4ADE-8D21-0C564247E053}.Release|Any CPU.ActiveCfg = Release|Any CPU
		{CBE1666D-ECE8-4ADE-8D21-0C564247E053}.Release|Any CPU.Build.0 = Release|Any CPU
	EndGlobalSection
	GlobalSection(SolutionProperties) = preSolution
		HideSolutionNode = FALSE
	EndGlobalSection
	GlobalSection(ExtensibilityGlobals) = postSolution
		SolutionGuid = {F189F307-82C6-4FB2-92F2-A3844165A897}
	EndGlobalSection
EndGlobal
